
Microsoft Visual Studio Solution File, Format Version 11.00
# Visual Studio 2010
Project("{FAE04EC0-301F-11D3-BF4B-00C04F79EFBC}") = "Assembly-CSharp", "Assembly-CSharp.csproj", "{47c7b6e3-0f4a-9b71-4bff-18a5a5865c42}"
EndProject
Project("{FAE04EC0-301F-11D3-BF4B-00C04F79EFBC}") = "Assembly-CSharp-Editor", "Assembly-CSharp-Editor.csproj", "{10fb4036-6a96-79ed-2a4a-28ee5782a94a}"
EndProject
Global
	GlobalSection(SolutionConfigurationPlatforms) = preSolution
		Debug|Any CPU = Debug|Any CPU
	EndGlobalSection
	GlobalSection(ProjectConfigurationPlatforms) = postSolution
		{47c7b6e3-0f4a-9b71-4bff-18a5a5865c42}.Debug|Any CPU.ActiveCfg = Debug|Any CPU
		{47c7b6e3-0f4a-9b71-4bff-18a5a5865c42}.Debug|Any CPU.Build.0 = Debug|Any CPU
		{10fb4036-6a96-79ed-2a4a-28ee5782a94a}.Debug|Any CPU.ActiveCfg = Debug|Any CPU
		{10fb4036-6a96-79ed-2a4a-28ee5782a94a}.Debug|Any CPU.Build.0 = Debug|Any CPU
	EndGlobalSection
	GlobalSection(SolutionProperties) = preSolution
		HideSolutionNode = FALSE
	EndGlobalSection
EndGlobal
